{
  "version": 4,
  "terraform_version": "1.10.0",
  "serial": 49,
  "lineage": "9d0c4aea-1b99-84ab-9f2a-606265135b3d",
  "outputs": {},
  "resources": [
    {
      "mode": "managed",
      "type": "local_file",
      "name": "pet",
      "provider": "provider[\"registry.terraform.io/hashicorp/local\"]",
      "instances": [
        {
          "schema_version": 0,
          "attributes": {
            "content": "My favorite pet is Mr.swift",
            "content_base64": null,
            "content_base64sha256": "ancfWL1xUpBVAJwRi64ekpm7/q5MCBd3MkpQdrp7Tcw=",
            "content_base64sha512": "+fi0RoyUa82q8HHizuqY+LcyFBi/EnmwFXzc3QsTYZk3lIPYpqYk68o6nAc1r757fbRAXIaQHfdSon0MCf2V1Q==",
            "content_md5": "4adf5d9a8d99139a1c45e8a04c0fb66f",
            "content_sha1": "2e7184b24998c48715c1a978b9455d5ce375fd79",
            "content_sha256": "6a771f58bd71529055009c118bae1e9299bbfeae4c081777324a5076ba7b4dcc",
            "content_sha512": "f9f8b4468c946bcdaaf071e2ceea98f8b7321418bf1279b0157cdcdd0b136199379483d8a6a624ebca3a9c0735afbe7b7db4405c86901df752a27d0c09fd95d5",
            "directory_permission": "0777",
            "file_permission": "0777",
            "filename": "./deploy/pet.txt",
            "id": "2e7184b24998c48715c1a978b9455d5ce375fd79",
            "sensitive_content": null,
            "source": null
          },
          "sensitive_attributes": [
            [
              {
                "type": "get_attr",
                "value": "sensitive_content"
              }
            ]
          ],
          "dependencies": [
            "random_pet.my-pet"
          ]
        }
      ]
    },
    {
      "mode": "managed",
      "type": "random_pet",
      "name": "my-pet",
      "provider": "provider[\"registry.terraform.io/hashicorp/random\"]",
      "instances": [
        {
          "schema_version": 0,
          "attributes": {
            "id": "Mr.swift",
            "keepers": null,
            "length": 1,
            "prefix": "Mr",
            "separator": "."
          },
          "sensitive_attributes": []
        }
      ]
    }
  ],
  "check_results": null
}
