{
  "version": 4,
  "terraform_version": "1.10.0",
  "serial": 8,
  "lineage": "9d0c4aea-1b99-84ab-9f2a-606265135b3d",
  "outputs": {},
  "resources": [
    {
      "mode": "managed",
      "type": "local_file",
      "name": "pet",
      "provider": "provider[\"registry.terraform.io/hashicorp/local\"]",
      "instances": [
        {
          "schema_version": 0,
          "attributes": {
            "content": "We love birds!!",
            "content_base64": null,
            "content_base64sha256": "5no2fjsD9XHgBC+sFujKnYyv/LPpqxrBVDKy1BgFE5Y=",
            "content_base64sha512": "mMlFBqwnrNvZBmHj2Ux2NCnqfgshSrAfqWgDTwkTuQj8HxuIqA3b8V4PEoTESQd+NubQW0n1cNZThfSKf5kPww==",
            "content_md5": "40f3d45942fd97a340496d7a89384f1f",
            "content_sha1": "eaf95c82a323d8de832ffad1944b2f07fc9b0645",
            "content_sha256": "e67a367e3b03f571e0042fac16e8ca9d8caffcb3e9ab1ac15432b2d418051396",
            "content_sha512": "98c94506ac27acdbd90661e3d94c763429ea7e0b214ab01fa968034f0913b908fc1f1b88a80ddbf15e0f1284c449077e36e6d05b49f570d65385f48a7f990fc3",
            "directory_permission": "0777",
            "file_permission": "0700",
            "filename": "./deploy/pet.txt",
            "id": "eaf95c82a323d8de832ffad1944b2f07fc9b0645",
            "sensitive_content": null,
            "source": null
          },
          "sensitive_attributes": [
            [
              {
                "type": "get_attr",
                "value": "sensitive_content"
              }
            ]
          ]
        }
      ]
    }
  ],
  "check_results": null
}
