{
  "version": 4,
  "terraform_version": "1.10.0",
  "serial": 31,
  "lineage": "9d0c4aea-1b99-84ab-9f2a-606265135b3d",
  "outputs": {},
  "resources": [
    {
      "mode": "managed",
      "type": "local_file",
      "name": "pet",
      "provider": "provider[\"registry.terraform.io/hashicorp/local\"]",
      "instances": [
        {
          "schema_version": 0,
          "attributes": {
            "content": "We love Pets",
            "content_base64": null,
            "content_base64sha256": "QRStxsPWdhZ9yQSHumJWlalG7tXYgKPPEIUqU67ZAAo=",
            "content_base64sha512": "UoLvPyEBCWWiSxoexdwH6TdAMZNyiDNWzU9yUZP0dtI0ccP0Ezaz1mk7Cdu4jl2LVi355i5NwkTpL+CTaClHfg==",
            "content_md5": "7762f19172978cdf524b2f3fd348a181",
            "content_sha1": "3da3c31a4f9cf57a0cb91ed2e4471414de8a4af0",
            "content_sha256": "4114adc6c3d676167dc90487ba625695a946eed5d880a3cf10852a53aed9000a",
            "content_sha512": "5282ef3f21010965a24b1a1ec5dc07e93740319372883356cd4f725193f476d23471c3f41336b3d6693b09dbb88e5d8b562df9e62e4dc244e92fe0936829477e",
            "directory_permission": "0777",
            "file_permission": "0777",
            "filename": "./deploy/pet.txt",
            "id": "3da3c31a4f9cf57a0cb91ed2e4471414de8a4af0",
            "sensitive_content": null,
            "source": null
          },
          "sensitive_attributes": [
            [
              {
                "type": "get_attr",
                "value": "sensitive_content"
              }
            ]
          ]
        }
      ]
    },
    {
      "mode": "managed",
      "type": "random_pet",
      "name": "my-pet",
      "provider": "provider[\"registry.terraform.io/hashicorp/random\"]",
      "instances": [
        {
          "schema_version": 0,
          "attributes": {
            "id": "Mrs.imp",
            "keepers": null,
            "length": 1,
            "prefix": "Mrs",
            "separator": "."
          },
          "sensitive_attributes": []
        }
      ]
    }
  ],
  "check_results": null
}
