{
  "version": 4,
  "terraform_version": "1.10.0",
  "serial": 16,
  "lineage": "9d0c4aea-1b99-84ab-9f2a-606265135b3d",
  "outputs": {},
  "resources": [
    {
      "mode": "managed",
      "type": "local_file",
      "name": "cat",
      "provider": "provider[\"registry.terraform.io/hashicorp/local\"]",
      "instances": [
        {
          "schema_version": 0,
          "attributes": {
            "content": "My favorite pet is Mr. Whiskers",
            "content_base64": null,
            "content_base64sha256": "GhEfcHzKMlg16F56hTFvNHWMy6lR2cu9bD9wAHMv9J4=",
            "content_base64sha512": "7JigEVUM3D3Oc0NQDaiFKMu5kPzxrdxA74C2gSRxxB6XhLnplnYVXV664i62gEZ8mE8Cv13sV8Z/UTB4ttbmlg==",
            "content_md5": "b594c3dc59ef89ba501bbbf9491668a6",
            "content_sha1": "f392b4bcf5db76684f719bf72061627a9a177de1",
            "content_sha256": "1a111f707cca325835e85e7a85316f34758ccba951d9cbbd6c3f7000732ff49e",
            "content_sha512": "ec98a011550cdc3dce7343500da88528cbb990fcf1addc40ef80b6812471c41e9784b9e99676155d5ebae22eb680467c984f02bf5dec57c67f513078b6d6e696",
            "directory_permission": "0777",
            "file_permission": "0777",
            "filename": "./deploy/cat.txt",
            "id": "f392b4bcf5db76684f719bf72061627a9a177de1",
            "sensitive_content": null,
            "source": null
          },
          "sensitive_attributes": [
            [
              {
                "type": "get_attr",
                "value": "sensitive_content"
              }
            ]
          ]
        }
      ]
    },
    {
      "mode": "managed",
      "type": "local_file",
      "name": "pet",
      "provider": "provider[\"registry.terraform.io/hashicorp/local\"]",
      "instances": [
        {
          "schema_version": 0,
          "attributes": {
            "content": "We love pets",
            "content_base64": null,
            "content_base64sha256": "JkTM/qXB6brMHSR7BGESvMDLcD/d8PAh6BtPVZ4r3+c=",
            "content_base64sha512": "KzfxM+vQ35KOsI/97bCs7fYgFnuEWJ3qYwWY6+NMIt6SIHDC4VijJNM0XJeSsBRDFdDPxZvurKEvB5SrSpViFQ==",
            "content_md5": "1a6fb34e80768485628791bd662fea65",
            "content_sha1": "978236bb65828b96bae1df000a4f9d6e6c5ca5a8",
            "content_sha256": "2644ccfea5c1e9bacc1d247b046112bcc0cb703fddf0f021e81b4f559e2bdfe7",
            "content_sha512": "2b37f133ebd0df928eb08ffdedb0acedf620167b84589dea630598ebe34c22de922070c2e158a324d3345c9792b0144315d0cfc59beeaca12f0794ab4a956215",
            "directory_permission": "0777",
            "file_permission": "0777",
            "filename": "./deploy/pet.txt",
            "id": "978236bb65828b96bae1df000a4f9d6e6c5ca5a8",
            "sensitive_content": null,
            "source": null
          },
          "sensitive_attributes": [
            [
              {
                "type": "get_attr",
                "value": "sensitive_content"
              }
            ]
          ]
        }
      ]
    }
  ],
  "check_results": null
}
